
Microsoft Visual Studio Solution File, Format Version 12.00
# Visual Studio Version 17
VisualStudioVersion = 17.0.31912.275
MinimumVisualStudioVersion = 10.0.40219.1
Project("{FAE04EC0-301F-11D3-BF4B-00C04F79EFBC}") = "SatisApp.Entities", "SatisApp.Entities\SatisApp.Entities.csproj", "{D133EE11-008D-4261-A69F-E07D7807992F}"
EndProject
Project("{FAE04EC0-301F-11D3-BF4B-00C04F79EFBC}") = "ShopApp.DataAccess", "ShopApp.DataAccess\ShopApp.DataAccess.csproj", "{895EC551-D9A4-43FB-96A6-6E39A3C67893}"
EndProject
Project("{FAE04EC0-301F-11D3-BF4B-00C04F79EFBC}") = "ShopApp.Business", "ShopApp.Business\ShopApp.Business.csproj", "{C22E5B6D-24B0-4EB6-9A5D-BBD7DEB85296}"
EndProject
Project("{FAE04EC0-301F-11D3-BF4B-00C04F79EFBC}") = "SatisApp.WebUI", "SatisApp.WebUI\SatisApp.WebUI.csproj", "{065792B9-99D3-4999-A8F1-D96E27813AEF}"
EndProject
Global
	GlobalSection(SolutionConfigurationPlatforms) = preSolution
		Debug|Any CPU = Debug|Any CPU
		Release|Any CPU = Release|Any CPU
	EndGlobalSection
	GlobalSection(ProjectConfigurationPlatforms) = postSolution
		{D133EE11-008D-4261-A69F-E07D7807992F}.Debug|Any CPU.ActiveCfg = Debug|Any CPU
		{D133EE11-008D-4261-A69F-E07D7807992F}.Debug|Any CPU.Build.0 = Debug|Any CPU
		{D133EE11-008D-4261-A69F-E07D7807992F}.Release|Any CPU.ActiveCfg = Release|Any CPU
		{D133EE11-008D-4261-A69F-E07D7807992F}.Release|Any CPU.Build.0 = Release|Any CPU
		{895EC551-D9A4-43FB-96A6-6E39A3C67893}.Debug|Any CPU.ActiveCfg = Debug|Any CPU
		{895EC551-D9A4-43FB-96A6-6E39A3C67893}.Debug|Any CPU.Build.0 = Debug|Any CPU
		{895EC551-D9A4-43FB-96A6-6E39A3C67893}.Release|Any CPU.ActiveCfg = Release|Any CPU
		{895EC551-D9A4-43FB-96A6-6E39A3C67893}.Release|Any CPU.Build.0 = Release|Any CPU
		{C22E5B6D-24B0-4EB6-9A5D-BBD7DEB85296}.Debug|Any CPU.ActiveCfg = Debug|Any CPU
		{C22E5B6D-24B0-4EB6-9A5D-BBD7DEB85296}.Debug|Any CPU.Build.0 = Debug|Any CPU
		{C22E5B6D-24B0-4EB6-9A5D-BBD7DEB85296}.Release|Any CPU.ActiveCfg = Release|Any CPU
		{C22E5B6D-24B0-4EB6-9A5D-BBD7DEB85296}.Release|Any CPU.Build.0 = Release|Any CPU
		{065792B9-99D3-4999-A8F1-D96E27813AEF}.Debug|Any CPU.ActiveCfg = Debug|Any CPU
		{065792B9-99D3-4999-A8F1-D96E27813AEF}.Debug|Any CPU.Build.0 = Debug|Any CPU
		{065792B9-99D3-4999-A8F1-D96E27813AEF}.Release|Any CPU.ActiveCfg = Release|Any CPU
		{065792B9-99D3-4999-A8F1-D96E27813AEF}.Release|Any CPU.Build.0 = Release|Any CPU
	EndGlobalSection
	GlobalSection(SolutionProperties) = preSolution
		HideSolutionNode = FALSE
	EndGlobalSection
	GlobalSection(ExtensibilityGlobals) = postSolution
		SolutionGuid = {75FBF358-0E2E-4F53-BABB-88F8DDC38D98}
	EndGlobalSection
EndGlobal
